
Microsoft Visual Studio Solution File, Format Version 11.00
# Visual Studio 2010
Project("{FAE04EC0-301F-11D3-BF4B-00C04F79EFBC}") = "Axantum.AxCrypt.Mac", "Axantum.AxCrypt.Mac\Axantum.AxCrypt.Mac.csproj", "{0E46C5F6-8B43-4571-AE55-6A65C0B87525}"
EndProject
Project("{FAE04EC0-301F-11D3-BF4B-00C04F79EFBC}") = "Axantum.AxCrypt.Core", "Axantum.AxCrypt.Core\Axantum.AxCrypt.Core.csproj", "{966E9510-1A1D-46C7-97B5-460A0FF9B89F}"
EndProject
Project("{FAE04EC0-301F-11D3-BF4B-00C04F79EFBC}") = "Axantum.AxCrypt.Mono", "Axantum.AxCrypt.Mono\Axantum.AxCrypt.Mono.csproj", "{CE9E8614-8DC5-4757-9384-3C416AB61A47}"
EndProject
Project("{FAE04EC0-301F-11D3-BF4B-00C04F79EFBC}") = "Axantum.AxCrypt.Core.Test", "Axantum.AxCrypt.Core.Test\Axantum.AxCrypt.Core.Test.csproj", "{2689B1EF-29AF-4F3E-A7EC-C87FF66DC403}"
EndProject
Project("{FAE04EC0-301F-11D3-BF4B-00C04F79EFBC}") = "Axantum.AxCrypt.Mono.Test", "Axantum.AxCrypt.Mono.Test\Axantum.AxCrypt.Mono.Test.csproj", "{79C4901A-BCAA-49AA-A789-6A8F97ACC881}"
EndProject
Project("{FAE04EC0-301F-11D3-BF4B-00C04F79EFBC}") = "SolutionItems", "SolutionItems\SolutionItems.csproj", "{A60D139A-7DBC-4BC5-976A-D89C32C913AD}"
EndProject
Project("{FAE04EC0-301F-11D3-BF4B-00C04F79EFBC}") = "Axantum.AxCrypt.Core.MacOsx", "Axantum.AxCrypt.Core.MacOsx\Axantum.AxCrypt.Core.MacOsx.csproj", "{815C4EC9-5A6D-4548-89B3-046A21B20BB9}"
EndProject
Global
	GlobalSection(SolutionConfigurationPlatforms) = preSolution
		Debug|x86 = Debug|x86
		Release|x86 = Release|x86
		AppStore|x86 = AppStore|x86
	EndGlobalSection
	GlobalSection(ProjectConfigurationPlatforms) = postSolution
		{0E46C5F6-8B43-4571-AE55-6A65C0B87525}.AppStore|x86.ActiveCfg = AppStore|x86
		{0E46C5F6-8B43-4571-AE55-6A65C0B87525}.AppStore|x86.Build.0 = AppStore|x86
		{0E46C5F6-8B43-4571-AE55-6A65C0B87525}.Debug|x86.ActiveCfg = Debug|x86
		{0E46C5F6-8B43-4571-AE55-6A65C0B87525}.Debug|x86.Build.0 = Debug|x86
		{0E46C5F6-8B43-4571-AE55-6A65C0B87525}.Release|x86.ActiveCfg = Release|x86
		{0E46C5F6-8B43-4571-AE55-6A65C0B87525}.Release|x86.Build.0 = Release|x86
		{2689B1EF-29AF-4F3E-A7EC-C87FF66DC403}.AppStore|x86.ActiveCfg = Release|Any CPU
		{2689B1EF-29AF-4F3E-A7EC-C87FF66DC403}.Debug|x86.ActiveCfg = Debug|Any CPU
		{2689B1EF-29AF-4F3E-A7EC-C87FF66DC403}.Debug|x86.Build.0 = Debug|Any CPU
		{2689B1EF-29AF-4F3E-A7EC-C87FF66DC403}.Release|x86.ActiveCfg = Release|Any CPU
		{2689B1EF-29AF-4F3E-A7EC-C87FF66DC403}.Release|x86.Build.0 = Release|Any CPU
		{79C4901A-BCAA-49AA-A789-6A8F97ACC881}.AppStore|x86.ActiveCfg = Release|Any CPU
		{79C4901A-BCAA-49AA-A789-6A8F97ACC881}.Debug|x86.ActiveCfg = Debug|Any CPU
		{79C4901A-BCAA-49AA-A789-6A8F97ACC881}.Debug|x86.Build.0 = Debug|Any CPU
		{79C4901A-BCAA-49AA-A789-6A8F97ACC881}.Release|x86.ActiveCfg = Release|Any CPU
		{79C4901A-BCAA-49AA-A789-6A8F97ACC881}.Release|x86.Build.0 = Release|Any CPU
		{815C4EC9-5A6D-4548-89B3-046A21B20BB9}.AppStore|x86.ActiveCfg = Release|Any CPU
		{815C4EC9-5A6D-4548-89B3-046A21B20BB9}.AppStore|x86.Build.0 = Release|Any CPU
		{815C4EC9-5A6D-4548-89B3-046A21B20BB9}.Debug|x86.ActiveCfg = Debug|Any CPU
		{815C4EC9-5A6D-4548-89B3-046A21B20BB9}.Debug|x86.Build.0 = Debug|Any CPU
		{815C4EC9-5A6D-4548-89B3-046A21B20BB9}.Release|x86.ActiveCfg = Release|Any CPU
		{815C4EC9-5A6D-4548-89B3-046A21B20BB9}.Release|x86.Build.0 = Release|Any CPU
		{966E9510-1A1D-46C7-97B5-460A0FF9B89F}.AppStore|x86.ActiveCfg = Release|Any CPU
		{966E9510-1A1D-46C7-97B5-460A0FF9B89F}.AppStore|x86.Build.0 = Release|Any CPU
		{966E9510-1A1D-46C7-97B5-460A0FF9B89F}.Debug|x86.ActiveCfg = Debug|Any CPU
		{966E9510-1A1D-46C7-97B5-460A0FF9B89F}.Debug|x86.Build.0 = Debug|Any CPU
		{966E9510-1A1D-46C7-97B5-460A0FF9B89F}.Release|x86.ActiveCfg = Release|Any CPU
		{966E9510-1A1D-46C7-97B5-460A0FF9B89F}.Release|x86.Build.0 = Release|Any CPU
		{A60D139A-7DBC-4BC5-976A-D89C32C913AD}.AppStore|x86.ActiveCfg = AppStore|Any CPU
		{A60D139A-7DBC-4BC5-976A-D89C32C913AD}.Debug|x86.ActiveCfg = Debug|Any CPU
		{A60D139A-7DBC-4BC5-976A-D89C32C913AD}.Release|x86.ActiveCfg = Release|Any CPU
		{CE9E8614-8DC5-4757-9384-3C416AB61A47}.AppStore|x86.ActiveCfg = Release|Any CPU
		{CE9E8614-8DC5-4757-9384-3C416AB61A47}.AppStore|x86.Build.0 = Release|Any CPU
		{CE9E8614-8DC5-4757-9384-3C416AB61A47}.Debug|x86.ActiveCfg = Debug|Any CPU
		{CE9E8614-8DC5-4757-9384-3C416AB61A47}.Debug|x86.Build.0 = Debug|Any CPU
		{CE9E8614-8DC5-4757-9384-3C416AB61A47}.Release|x86.ActiveCfg = Release|Any CPU
		{CE9E8614-8DC5-4757-9384-3C416AB61A47}.Release|x86.Build.0 = Release|Any CPU
	EndGlobalSection
	GlobalSection(MonoDevelopProperties) = preSolution
		StartupItem = Axantum.AxCrypt.Mac\Axantum.AxCrypt.Mac.csproj
	EndGlobalSection
EndGlobal
