
Microsoft Visual Studio Solution File, Format Version 11.00
# Visual Studio 2010
Project("{FAE04EC0-301F-11D3-BF4B-00C04F79EFBC}") = "Axantum.AxCrypt.Core.Android", "Axantum.AxCrypt.Core.Android\Axantum.AxCrypt.Core.Android.csproj", "{B81CB4AF-7DC9-4699-B0EF-089452C6F1D5}"
EndProject
Project("{FAE04EC0-301F-11D3-BF4B-00C04F79EFBC}") = "SolutionItems", "SolutionItems\SolutionItems.csproj", "{A60D139A-7DBC-4BC5-976A-D89C32C913AD}"
EndProject
Global
	GlobalSection(SolutionConfigurationPlatforms) = preSolution
		Debug|Any CPU = Debug|Any CPU
		Release|Any CPU = Release|Any CPU
	EndGlobalSection
	GlobalSection(ProjectConfigurationPlatforms) = postSolution
		{B81CB4AF-7DC9-4699-B0EF-089452C6F1D5}.Debug|Any CPU.ActiveCfg = Debug|Any CPU
		{B81CB4AF-7DC9-4699-B0EF-089452C6F1D5}.Debug|Any CPU.Build.0 = Debug|Any CPU
		{B81CB4AF-7DC9-4699-B0EF-089452C6F1D5}.Release|Any CPU.ActiveCfg = Release|Any CPU
		{B81CB4AF-7DC9-4699-B0EF-089452C6F1D5}.Release|Any CPU.Build.0 = Release|Any CPU
		{A60D139A-7DBC-4BC5-976A-D89C32C913AD}.Debug|Any CPU.ActiveCfg = Debug|Any CPU
		{A60D139A-7DBC-4BC5-976A-D89C32C913AD}.Release|Any CPU.ActiveCfg = Debug|Any CPU
	EndGlobalSection
	GlobalSection(SolutionProperties) = preSolution
		HideSolutionNode = FALSE
	EndGlobalSection
EndGlobal
